
Microsoft Visual Studio Solution File, Format Version 12.00
# Visual Studio Version 16
VisualStudioVersion = 16.0.30907.101
MinimumVisualStudioVersion = 10.0.40219.1
Project("{FAE04EC0-301F-11D3-BF4B-00C04F79EFBC}") = "CEXR1", "CEXR1.csproj", "{68A98437-9AD0-445B-9191-B26F0277047A}"
EndProject
Global
	GlobalSection(SolutionConfigurationPlatforms) = preSolution
		Debug|Any CPU = Debug|Any CPU
		Release|Any CPU = Release|Any CPU
	EndGlobalSection
	GlobalSection(ProjectConfigurationPlatforms) = postSolution
		{68A98437-9AD0-445B-9191-B26F0277047A}.Debug|Any CPU.ActiveCfg = Debug|Any CPU
		{68A98437-9AD0-445B-9191-B26F0277047A}.Debug|Any CPU.Build.0 = Debug|Any CPU
		{68A98437-9AD0-445B-9191-B26F0277047A}.Release|Any CPU.ActiveCfg = Release|Any CPU
		{68A98437-9AD0-445B-9191-B26F0277047A}.Release|Any CPU.Build.0 = Release|Any CPU
	EndGlobalSection
	GlobalSection(SolutionProperties) = preSolution
		HideSolutionNode = FALSE
	EndGlobalSection
	GlobalSection(ExtensibilityGlobals) = postSolution
		SolutionGuid = {7FCBE7F3-347D-47E7-8376-A84323B1CFFF}
	EndGlobalSection
EndGlobal
